
Microsoft Visual Studio Solution File, Format Version 12.00
# Visual Studio Version 16
VisualStudioVersion = 16.0.29209.62
MinimumVisualStudioVersion = 10.0.40219.1
Project("{FAE04EC0-301F-11D3-BF4B-00C04F79EFBC}") = "DeepTilapiaBackEnd", "DeepTilapiaBackEnd\DeepTilapiaBackEnd.csproj", "{C7559F29-1E43-480D-98D8-6DDBB9F137FE}"
EndProject
Global
	GlobalSection(SolutionConfigurationPlatforms) = preSolution
		Debug|Any CPU = Debug|Any CPU
		Release|Any CPU = Release|Any CPU
	EndGlobalSection
	GlobalSection(ProjectConfigurationPlatforms) = postSolution
		{C7559F29-1E43-480D-98D8-6DDBB9F137FE}.Debug|Any CPU.ActiveCfg = Debug|Any CPU
		{C7559F29-1E43-480D-98D8-6DDBB9F137FE}.Debug|Any CPU.Build.0 = Debug|Any CPU
		{C7559F29-1E43-480D-98D8-6DDBB9F137FE}.Release|Any CPU.ActiveCfg = Release|Any CPU
		{C7559F29-1E43-480D-98D8-6DDBB9F137FE}.Release|Any CPU.Build.0 = Release|Any CPU
	EndGlobalSection
	GlobalSection(SolutionProperties) = preSolution
		HideSolutionNode = FALSE
	EndGlobalSection
	GlobalSection(ExtensibilityGlobals) = postSolution
		SolutionGuid = {E5C13DDC-2192-461B-BC3C-C50A05EEC531}
	EndGlobalSection
EndGlobal
